
Microsoft Visual Studio Solution File, Format Version 12.00
# Visual Studio Version 16
VisualStudioVersion = 16.0.29905.134
MinimumVisualStudioVersion = 10.0.40219.1
Project("{FAE04EC0-301F-11D3-BF4B-00C04F79EFBC}") = "ChangeQueryText", "ChangeQueryText.csproj", "{57543F4B-63E6-4CB2-9583-51BD47608CC2}"
EndProject
Global
	GlobalSection(SolutionConfigurationPlatforms) = preSolution
		Debug|Any CPU = Debug|Any CPU
		Release|Any CPU = Release|Any CPU
	EndGlobalSection
	GlobalSection(ProjectConfigurationPlatforms) = postSolution
		{57543F4B-63E6-4CB2-9583-51BD47608CC2}.Debug|Any CPU.ActiveCfg = Debug|Any CPU
		{57543F4B-63E6-4CB2-9583-51BD47608CC2}.Debug|Any CPU.Build.0 = Debug|Any CPU
		{57543F4B-63E6-4CB2-9583-51BD47608CC2}.Release|Any CPU.ActiveCfg = Release|Any CPU
		{57543F4B-63E6-4CB2-9583-51BD47608CC2}.Release|Any CPU.Build.0 = Release|Any CPU
	EndGlobalSection
	GlobalSection(SolutionProperties) = preSolution
		HideSolutionNode = FALSE
	EndGlobalSection
	GlobalSection(ExtensibilityGlobals) = postSolution
		SolutionGuid = {6722052C-09EE-415A-963C-DD1EF0AAF4E4}
	EndGlobalSection
EndGlobal
